
Microsoft Visual Studio Solution File, Format Version 12.00
# Visual Studio 15
VisualStudioVersion = 15.0.28307.438
MinimumVisualStudioVersion = 10.0.40219.1
Project("{FAE04EC0-301F-11D3-BF4B-00C04F79EFBC}") = "YuGiOhDeckBuilder", "YuGiOhDeckBuilder\YuGiOhDeckBuilder.csproj", "{80148C78-83F3-4C81-9F95-3C1DF58CCE63}"
EndProject
Global
	GlobalSection(SolutionConfigurationPlatforms) = preSolution
		Debug|Any CPU = Debug|Any CPU
		Release|Any CPU = Release|Any CPU
	EndGlobalSection
	GlobalSection(ProjectConfigurationPlatforms) = postSolution
		{80148C78-83F3-4C81-9F95-3C1DF58CCE63}.Debug|Any CPU.ActiveCfg = Debug|Any CPU
		{80148C78-83F3-4C81-9F95-3C1DF58CCE63}.Debug|Any CPU.Build.0 = Debug|Any CPU
		{80148C78-83F3-4C81-9F95-3C1DF58CCE63}.Release|Any CPU.ActiveCfg = Release|Any CPU
		{80148C78-83F3-4C81-9F95-3C1DF58CCE63}.Release|Any CPU.Build.0 = Release|Any CPU
	EndGlobalSection
	GlobalSection(SolutionProperties) = preSolution
		HideSolutionNode = FALSE
	EndGlobalSection
	GlobalSection(ExtensibilityGlobals) = postSolution
		SolutionGuid = {F58877EE-C6A6-4987-89D6-1E1785102B48}
	EndGlobalSection
EndGlobal
